// !$*UTF8*$!
{
	archiveVersion = 1;
	classes = {
	};
	objectVersion = 50;
	objects = {

/* Begin PBXBuildFile section */
		EEB05103249275C3005B26E1 /* AppDelegate.swift in Sources */ = {isa = PBXBuildFile; fileRef = EEB05102249275C3005B26E1 /* AppDelegate.swift */; };
		EEB05105249275C3005B26E1 /* SceneDelegate.swift in Sources */ = {isa = PBXBuildFile; fileRef = EEB05104249275C3005B26E1 /* SceneDelegate.swift */; };
		EEB05107249275C3005B26E1 /* ViewController.swift in Sources */ = {isa = PBXBuildFile; fileRef = EEB05106249275C3005B26E1 /* ViewController.swift */; };
		EEB0510A249275C3005B26E1 /* Main.storyboard in Resources */ = {isa = PBXBuildFile; fileRef = EEB05108249275C3005B26E1 /* Main.storyboard */; };
		EEB0510C249275C6005B26E1 /* Assets.xcassets in Resources */ = {isa = PBXBuildFile; fileRef = EEB0510B249275C6005B26E1 /* Assets.xcassets */; };
		EEB0510F249275C6005B26E1 /* LaunchScreen.storyboard in Resources */ = {isa = PBXBuildFile; fileRef = EEB0510D249275C6005B26E1 /* LaunchScreen.storyboard */; };
		EEB0511A249275C6005B26E1 /* ConverterTests.swift in Sources */ = {isa = PBXBuildFile; fileRef = EEB05119249275C6005B26E1 /* ConverterTests.swift */; };
		EEB05125249275C6005B26E1 /* ConverterUITests.swift in Sources */ = {isa = PBXBuildFile; fileRef = EEB05124249275C6005B26E1 /* ConverterUITests.swift */; };
/* End PBXBuildFile section */

/* Begin PBXContainerItemProxy section */
		EEB05116249275C6005B26E1 /* PBXContainerItemProxy */ = {
			isa = PBXContainerItemProxy;
			containerPortal = EEB050F7249275C3005B26E1 /* Project object */;
			proxyType = 1;
			remoteGlobalIDString = EEB050FE249275C3005B26E1;
			remoteInfo = Converter;
		};
		EEB05121249275C6005B26E1 /* PBXContainerItemProxy */ = {
			isa = PBXContainerItemProxy;
			containerPortal = EEB050F7249275C3005B26E1 /* Project object */;
			proxyType = 1;
			remoteGlobalIDString = EEB050FE249275C3005B26E1;
			remoteInfo = Converter;
		};
/* End PBXContainerItemProxy section */

/* Begin PBXFileReference section */
		EEB050FF249275C3005B26E1 /* Converter.app */ = {isa = PBXFileReference; explicitFileType = wrapper.application; includeInIndex = 0; path = Converter.app; sourceTree = BUILT_PRODUCTS_DIR; };
		EEB05102249275C3005B26E1 /* AppDelegate.swift */ = {isa = PBXFileReference; lastKnownFileType = sourcecode.swift; path = AppDelegate.swift; sourceTree = "<group>"; };
		EEB05104249275C3005B26E1 /* SceneDelegate.swift */ = {isa = PBXFileReference; lastKnownFileType = sourcecode.swift; path = SceneDelegate.swift; sourceTree = "<group>"; };
		EEB05106249275C3005B26E1 /* ViewController.swift */ = {isa = PBXFileReference; lastKnownFileType = sourcecode.swift; path = ViewController.swift; sourceTree = "<group>"; };
		EEB05109249275C3005B26E1 /* Base */ = {isa = PBXFileReference; lastKnownFileType = file.storyboard; name = Base; path = Base.lproj/Main.storyboard; sourceTree = "<group>"; };
		EEB0510B249275C6005B26E1 /* Assets.xcassets */ = {isa = PBXFileReference; lastKnownFileType = folder.assetcatalog; path = Assets.xcassets; sourceTree = "<group>"; };
		EEB0510E249275C6005B26E1 /* Base */ = {isa = PBXFileReference; lastKnownFileType = file.storyboard; name = Base; path = Base.lproj/LaunchScreen.storyboard; sourceTree = "<group>"; };
		EEB05110249275C6005B26E1 /* Info.plist */ = {isa = PBXFileReference; lastKnownFileType = text.plist.xml; path = Info.plist; sourceTree = "<group>"; };
		EEB05115249275C6005B26E1 /* ConverterTests.xctest */ = {isa = PBXFileReference; explicitFileType = wrapper.cfbundle; includeInIndex = 0; path = ConverterTests.xctest; sourceTree = BUILT_PRODUCTS_DIR; };
		EEB05119249275C6005B26E1 /* ConverterTests.swift */ = {isa = PBXFileReference; lastKnownFileType = sourcecode.swift; path = ConverterTests.swift; sourceTree = "<group>"; };
		EEB0511B249275C6005B26E1 /* Info.plist */ = {isa = PBXFileReference; lastKnownFileType = text.plist.xml; path = Info.plist; sourceTree = "<group>"; };
		EEB05120249275C6005B26E1 /* ConverterUITests.xctest */ = {isa = PBXFileReference; explicitFileType = wrapper.cfbundle; includeInIndex = 0; path = ConverterUITests.xctest; sourceTree = BUILT_PRODUCTS_DIR; };
		EEB05124249275C6005B26E1 /* ConverterUITests.swift */ = {isa = PBXFileReference; lastKnownFileType = sourcecode.swift; path = ConverterUITests.swift; sourceTree = "<group>"; };
		EEB05126249275C6005B26E1 /* Info.plist */ = {isa = PBXFileReference; lastKnownFileType = text.plist.xml; path = Info.plist; sourceTree = "<group>"; };
/* End PBXFileReference section */

/* Begin PBXFrameworksBuildPhase section */
		EEB050FC249275C3005B26E1 /* Frameworks */ = {
			isa = PBXFrameworksBuildPhase;
			buildActionMask = 2147483647;
			files = (
			);
			runOnlyForDeploymentPostprocessing = 0;
		};
		EEB05112249275C6005B26E1 /* Frameworks */ = {
			isa = PBXFrameworksBuildPhase;
			buildActionMask = 2147483647;
			files = (
			);
			runOnlyForDeploymentPostprocessing = 0;
		};
		EEB0511D249275C6005B26E1 /* Frameworks */ = {
			isa = PBXFrameworksBuildPhase;
			buildActionMask = 2147483647;
			files = (
			);
			runOnlyForDeploymentPostprocessing = 0;
		};
/* End PBXFrameworksBuildPhase section */

/* Begin PBXGroup section */
		EEB050F6249275C3005B26E1 = {
			isa = PBXGroup;
			children = (
				EEB05101249275C3005B26E1 /* Converter */,
				EEB05118249275C6005B26E1 /* ConverterTests */,
				EEB05123249275C6005B26E1 /* ConverterUITests */,
				EEB05100249275C3005B26E1 /* Products */,
			);
			sourceTree = "<group>";
		};
		EEB05100249275C3005B26E1 /* Products */ = {
			isa = PBXGroup;
			children = (
				EEB050FF249275C3005B26E1 /* Converter.app */,
				EEB05115249275C6005B26E1 /* ConverterTests.xctest */,
				EEB05120249275C6005B26E1 /* ConverterUITests.xctest */,
			);
			name = Products;
			sourceTree = "<group>";
		};
		EEB05101249275C3005B26E1 /* Converter */ = {
			isa = PBXGroup;
			children = (
				EEB05102249275C3005B26E1 /* AppDelegate.swift */,
				EEB05104249275C3005B26E1 /* SceneDelegate.swift */,
				EEB05106249275C3005B26E1 /* ViewController.swift */,
				EEB05108249275C3005B26E1 /* Main.storyboard */,
				EEB0510B249275C6005B26E1 /* Assets.xcassets */,
				EEB0510D249275C6005B26E1 /* LaunchScreen.storyboard */,
				EEB05110249275C6005B26E1 /* Info.plist */,
			);
			path = Converter;
			sourceTree = "<group>";
		};
		EEB05118249275C6005B26E1 /* ConverterTests */ = {
			isa = PBXGroup;
			children = (
				EEB05119249275C6005B26E1 /* ConverterTests.swift */,
				EEB0511B249275C6005B26E1 /* Info.plist */,
			);
			path = ConverterTests;
			sourceTree = "<group>";
		};
		EEB05123249275C6005B26E1 /* ConverterUITests */ = {
			isa = PBXGroup;
			children = (
				EEB05124249275C6005B26E1 /* ConverterUITests.swift */,
				EEB05126249275C6005B26E1 /* Info.plist */,
			);
			path = ConverterUITests;
			sourceTree = "<group>";
		};
/* End PBXGroup section */

/* Begin PBXNativeTarget section */
		EEB050FE249275C3005B26E1 /* Converter */ = {
			isa = PBXNativeTarget;
			buildConfigurationList = EEB05129249275C6005B26E1 /* Build configuration list for PBXNativeTarget "Converter" */;
			buildPhases = (
				EEB050FB249275C3005B26E1 /* Sources */,
				EEB050FC249275C3005B26E1 /* Frameworks */,
				EEB050FD249275C3005B26E1 /* Resources */,
			);
			buildRules = (
			);
			dependencies = (
			);
			name = Converter;
			productName = Converter;
			productReference = EEB050FF249275C3005B26E1 /* Converter.app */;
			productType = "com.apple.product-type.application";
		};
		EEB05114249275C6005B26E1 /* ConverterTests */ = {
			isa = PBXNativeTarget;
			buildConfigurationList = EEB0512C249275C6005B26E1 /* Build configuration list for PBXNativeTarget "ConverterTests" */;
			buildPhases = (
				EEB05111249275C6005B26E1 /* Sources */,
				EEB05112249275C6005B26E1 /* Frameworks */,
				EEB05113249275C6005B26E1 /* Resources */,
			);
			buildRules = (
			);
			dependencies = (
				EEB05117249275C6005B26E1 /* PBXTargetDependency */,
			);
			name = ConverterTests;
			productName = ConverterTests;
			productReference = EEB05115249275C6005B26E1 /* ConverterTests.xctest */;
			productType = "com.apple.product-type.bundle.unit-test";
		};
		EEB0511F249275C6005B26E1 /* ConverterUITests */ = {
			isa = PBXNativeTarget;
			buildConfigurationList = EEB0512F249275C6005B26E1 /* Build configuration list for PBXNativeTarget "ConverterUITests" */;
			buildPhases = (
				EEB0511C249275C6005B26E1 /* Sources */,
				EEB0511D249275C6005B26E1 /* Frameworks */,
				EEB0511E249275C6005B26E1 /* Resources */,
			);
			buildRules = (
			);
			dependencies = (
				EEB05122249275C6005B26E1 /* PBXTargetDependency */,
			);
			name = ConverterUITests;
			productName = ConverterUITests;
			productReference = EEB05120249275C6005B26E1 /* ConverterUITests.xctest */;
			productType = "com.apple.product-type.bundle.ui-testing";
		};
/* End PBXNativeTarget section */

/* Begin PBXProject section */
		EEB050F7249275C3005B26E1 /* Project object */ = {
			isa = PBXProject;
			attributes = {
				LastSwiftUpdateCheck = 1150;
				LastUpgradeCheck = 1150;
				ORGANIZATIONNAME = "Алексей Ёлчев";
				TargetAttributes = {
					EEB050FE249275C3005B26E1 = {
						CreatedOnToolsVersion = 11.5;
					};
					EEB05114249275C6005B26E1 = {
						CreatedOnToolsVersion = 11.5;
						TestTargetID = EEB050FE249275C3005B26E1;
					};
					EEB0511F249275C6005B26E1 = {
						CreatedOnToolsVersion = 11.5;
						TestTargetID = EEB050FE249275C3005B26E1;
					};
				};
			};
			buildConfigurationList = EEB050FA249275C3005B26E1 /* Build configuration list for PBXProject "Converter" */;
			compatibilityVersion = "Xcode 9.3";
			developmentRegion = en;
			hasScannedForEncodings = 0;
			knownRegions = (
				en,
				Base,
			);
			mainGroup = EEB050F6249275C3005B26E1;
			productRefGroup = EEB05100249275C3005B26E1 /* Products */;
			projectDirPath = "";
			projectRoot = "";
			targets = (
				EEB050FE249275C3005B26E1 /* Converter */,
				EEB05114249275C6005B26E1 /* ConverterTests */,
				EEB0511F249275C6005B26E1 /* ConverterUITests */,
			);
		};
/* End PBXProject section */

/* Begin PBXResourcesBuildPhase section */
		EEB050FD249275C3005B26E1 /* Resources */ = {
			isa = PBXResourcesBuildPhase;
			buildActionMask = 2147483647;
			files = (
				EEB0510F249275C6005B26E1 /* LaunchScreen.storyboard in Resources */,
				EEB0510C249275C6005B26E1 /* Assets.xcassets in Resources */,
				EEB0510A249275C3005B26E1 /* Main.storyboard in Resources */,
			);
			runOnlyForDeploymentPostprocessing = 0;
		};
		EEB05113249275C6005B26E1 /* Resources */ = {
			isa = PBXResourcesBuildPhase;
			buildActionMask = 2147483647;
			files = (
			);
			runOnlyForDeploymentPostprocessing = 0;
		};
		EEB0511E249275C6005B26E1 /* Resources */ = {
			isa = PBXResourcesBuildPhase;
			buildActionMask = 2147483647;
			files = (
			);
			runOnlyForDeploymentPostprocessing = 0;
		};
/* End PBXResourcesBuildPhase section */

/* Begin PBXSourcesBuildPhase section */
		EEB050FB249275C3005B26E1 /* Sources */ = {
			isa = PBXSourcesBuildPhase;
			buildActionMask = 2147483647;
			files = (
				EEB05107249275C3005B26E1 /* ViewController.swift in Sources */,
				EEB05103249275C3005B26E1 /* AppDelegate.swift in Sources */,
				EEB05105249275C3005B26E1 /* SceneDelegate.swift in Sources */,
			);
			runOnlyForDeploymentPostprocessing = 0;
		};
		EEB05111249275C6005B26E1 /* Sources */ = {
			isa = PBXSourcesBuildPhase;
			buildActionMask = 2147483647;
			files = (
				EEB0511A249275C6005B26E1 /* ConverterTests.swift in Sources */,
			);
			runOnlyForDeploymentPostprocessing = 0;
		};
		EEB0511C249275C6005B26E1 /* Sources */ = {
			isa = PBXSourcesBuildPhase;
			buildActionMask = 2147483647;
			files = (
				EEB05125249275C6005B26E1 /* ConverterUITests.swift in Sources */,
			);
			runOnlyForDeploymentPostprocessing = 0;
		};
/* End PBXSourcesBuildPhase section */

/* Begin PBXTargetDependency section */
		EEB05117249275C6005B26E1 /* PBXTargetDependency */ = {
			isa = PBXTargetDependency;
			target = EEB050FE249275C3005B26E1 /* Converter */;
			targetProxy = EEB05116249275C6005B26E1 /* PBXContainerItemProxy */;
		};
		EEB05122249275C6005B26E1 /* PBXTargetDependency */ = {
			isa = PBXTargetDependency;
			target = EEB050FE249275C3005B26E1 /* Converter */;
			targetProxy = EEB05121249275C6005B26E1 /* PBXContainerItemProxy */;
		};
/* End PBXTargetDependency section */

/* Begin PBXVariantGroup section */
		EEB05108249275C3005B26E1 /* Main.storyboard */ = {
			isa = PBXVariantGroup;
			children = (
				EEB05109249275C3005B26E1 /* Base */,
			);
			name = Main.storyboard;
			sourceTree = "<group>";
		};
		EEB0510D249275C6005B26E1 /* LaunchScreen.storyboard */ = {
			isa = PBXVariantGroup;
			children = (
				EEB0510E249275C6005B26E1 /* Base */,
			);
			name = LaunchScreen.storyboard;
			sourceTree = "<group>";
		};
/* End PBXVariantGroup section */

/* Begin XCBuildConfiguration section */
		EEB05127249275C6005B26E1 /* Debug */ = {
			isa = XCBuildConfiguration;
			buildSettings = {
				ALWAYS_SEARCH_USER_PATHS = NO;
				CLANG_ANALYZER_NONNULL = YES;
				CLANG_ANALYZER_NUMBER_OBJECT_CONVERSION = YES_AGGRESSIVE;
				CLANG_CXX_LANGUAGE_STANDARD = "gnu++14";
				CLANG_CXX_LIBRARY = "libc++";
				CLANG_ENABLE_MODULES = YES;
				CLANG_ENABLE_OBJC_ARC = YES;
				CLANG_ENABLE_OBJC_WEAK = YES;
				CLANG_WARN_BLOCK_CAPTURE_AUTORELEASING = YES;
				CLANG_WARN_BOOL_CONVERSION = YES;
				CLANG_WARN_COMMA = YES;
				CLANG_WARN_CONSTANT_CONVERSION = YES;
				CLANG_WARN_DEPRECATED_OBJC_IMPLEMENTATIONS = YES;
				CLANG_WARN_DIRECT_OBJC_ISA_USAGE = YES_ERROR;
				CLANG_WARN_DOCUMENTATION_COMMENTS = YES;
				CLANG_WARN_EMPTY_BODY = YES;
				CLANG_WARN_ENUM_CONVERSION = YES;
				CLANG_WARN_INFINITE_RECURSION = YES;
				CLANG_WARN_INT_CONVERSION = YES;
				CLANG_WARN_NON_LITERAL_NULL_CONVERSION = YES;
				CLANG_WARN_OBJC_IMPLICIT_RETAIN_SELF = YES;
				CLANG_WARN_OBJC_LITERAL_CONVERSION = YES;
				CLANG_WARN_OBJC_ROOT_CLASS = YES_ERROR;
				CLANG_WARN_RANGE_LOOP_ANALYSIS = YES;
				CLANG_WARN_STRICT_PROTOTYPES = YES;
				CLANG_WARN_SUSPICIOUS_MOVE = YES;
				CLANG_WARN_UNGUARDED_AVAILABILITY = YES_AGGRESSIVE;
				CLANG_WARN_UNREACHABLE_CODE = YES;
				CLANG_WARN__DUPLICATE_METHOD_MATCH = YES;
				COPY_PHASE_STRIP = NO;
				DEBUG_INFORMATION_FORMAT = dwarf;
				ENABLE_STRICT_OBJC_MSGSEND = YES;
				ENABLE_TESTABILITY = YES;
				GCC_C_LANGUAGE_STANDARD = gnu11;
				GCC_DYNAMIC_NO_PIC = NO;
				GCC_NO_COMMON_BLOCKS = YES;
				GCC_OPTIMIZATION_LEVEL = 0;
				GCC_PREPROCESSOR_DEFINITIONS = (
					"DEBUG=1",
					"$(inherited)",
				);
				GCC_WARN_64_TO_32_BIT_CONVERSION = YES;
				GCC_WARN_ABOUT_RETURN_TYPE = YES_ERROR;
				GCC_WARN_UNDECLARED_SELECTOR = YES;
				GCC_WARN_UNINITIALIZED_AUTOS = YES_AGGRESSIVE;
				GCC_WARN_UNUSED_FUNCTION = YES;
				GCC_WARN_UNUSED_VARIABLE = YES;
				IPHONEOS_DEPLOYMENT_TARGET = 13.5;
				MTL_ENABLE_DEBUG_INFO = INCLUDE_SOURCE;
				MTL_FAST_MATH = YES;
				ONLY_ACTIVE_ARCH = YES;
				SDKROOT = iphoneos;
				SWIFT_ACTIVE_COMPILATION_CONDITIONS = DEBUG;
				SWIFT_OPTIMIZATION_LEVEL = "-Onone";
			};
			name = Debug;
		};
		EEB05128249275C6005B26E1 /* Release */ = {
			isa = XCBuildConfiguration;
			buildSettings = {
				ALWAYS_SEARCH_USER_PATHS = NO;
				CLANG_ANALYZER_NONNULL = YES;
				CLANG_ANALYZER_NUMBER_OBJECT_CONVERSION = YES_AGGRESSIVE;
				CLANG_CXX_LANGUAGE_STANDARD = "gnu++14";
				CLANG_CXX_LIBRARY = "libc++";
				CLANG_ENABLE_MODULES = YES;
				CLANG_ENABLE_OBJC_ARC = YES;
				CLANG_ENABLE_OBJC_WEAK = YES;
				CLANG_WARN_BLOCK_CAPTURE_AUTORELEASING = YES;
				CLANG_WARN_BOOL_CONVERSION = YES;
				CLANG_WARN_COMMA = YES;
				CLANG_WARN_CONSTANT_CONVERSION = YES;
				CLANG_WARN_DEPRECATED_OBJC_IMPLEMENTATIONS = YES;
				CLANG_WARN_DIRECT_OBJC_ISA_USAGE = YES_ERROR;
				CLANG_WARN_DOCUMENTATION_COMMENTS = YES;
				CLANG_WARN_EMPTY_BODY = YES;
				CLANG_WARN_ENUM_CONVERSION = YES;
				CLANG_WARN_INFINITE_RECURSION = YES;
				CLANG_WARN_INT_CONVERSION = YES;
				CLANG_WARN_NON_LITERAL_NULL_CONVERSION = YES;
				CLANG_WARN_OBJC_IMPLICIT_RETAIN_SELF = YES;
				CLANG_WARN_OBJC_LITERAL_CONVERSION = YES;
				CLANG_WARN_OBJC_ROOT_CLASS = YES_ERROR;
				CLANG_WARN_RANGE_LOOP_ANALYSIS = YES;
				CLANG_WARN_STRICT_PROTOTYPES = YES;
				CLANG_WARN_SUSPICIOUS_MOVE = YES;
				CLANG_WARN_UNGUARDED_AVAILABILITY = YES_AGGRESSIVE;
				CLANG_WARN_UNREACHABLE_CODE = YES;
				CLANG_WARN__DUPLICATE_METHOD_MATCH = YES;
				COPY_PHASE_STRIP = NO;
				DEBUG_INFORMATION_FORMAT = "dwarf-with-dsym";
				ENABLE_NS_ASSERTIONS = NO;
				ENABLE_STRICT_OBJC_MSGSEND = YES;
				GCC_C_LANGUAGE_STANDARD = gnu11;
				GCC_NO_COMMON_BLOCKS = YES;
				GCC_WARN_64_TO_32_BIT_CONVERSION = YES;
				GCC_WARN_ABOUT_RETURN_TYPE = YES_ERROR;
				GCC_WARN_UNDECLARED_SELECTOR = YES;
				GCC_WARN_UNINITIALIZED_AUTOS = YES_AGGRESSIVE;
				GCC_WARN_UNUSED_FUNCTION = YES;
				GCC_WARN_UNUSED_VARIABLE = YES;
				IPHONEOS_DEPLOYMENT_TARGET = 13.5;
				MTL_ENABLE_DEBUG_INFO = NO;
				MTL_FAST_MATH = YES;
				SDKROOT = iphoneos;
				SWIFT_COMPILATION_MODE = wholemodule;
				SWIFT_OPTIMIZATION_LEVEL = "-O";
				VALIDATE_PRODUCT = YES;
			};
			name = Release;
		};
		EEB0512A249275C6005B26E1 /* Debug */ = {
			isa = XCBuildConfiguration;
			buildSettings = {
				ASSETCATALOG_COMPILER_APPICON_NAME = AppIcon;
				CODE_SIGN_STYLE = Automatic;
				INFOPLIST_FILE = Converter/Info.plist;
				LD_RUNPATH_SEARCH_PATHS = (
					"$(inherited)",
					"@executable_path/Frameworks",
				);
				PRODUCT_BUNDLE_IDENTIFIER = ncnc.Converter;
				PRODUCT_NAME = "$(TARGET_NAME)";
				SWIFT_VERSION = 5.0;
				TARGETED_DEVICE_FAMILY = "1,2";
			};
			name = Debug;
		};
		EEB0512B249275C6005B26E1 /* Release */ = {
			isa = XCBuildConfiguration;
			buildSettings = {
				ASSETCATALOG_COMPILER_APPICON_NAME = AppIcon;
				CODE_SIGN_STYLE = Automatic;
				INFOPLIST_FILE = Converter/Info.plist;
				LD_RUNPATH_SEARCH_PATHS = (
					"$(inherited)",
					"@executable_path/Frameworks",
				);
				PRODUCT_BUNDLE_IDENTIFIER = ncnc.Converter;
				PRODUCT_NAME = "$(TARGET_NAME)";
				SWIFT_VERSION = 5.0;
				TARGETED_DEVICE_FAMILY = "1,2";
			};
			name = Release;
		};
		EEB0512D249275C6005B26E1 /* Debug */ = {
			isa = XCBuildConfiguration;
			buildSettings = {
				ALWAYS_EMBED_SWIFT_STANDARD_LIBRARIES = YES;
				BUNDLE_LOADER = "$(TEST_HOST)";
				CODE_SIGN_STYLE = Automatic;
				INFOPLIST_FILE = ConverterTests/Info.plist;
				IPHONEOS_DEPLOYMENT_TARGET = 13.5;
				LD_RUNPATH_SEARCH_PATHS = (
					"$(inherited)",
					"@executable_path/Frameworks",
					"@loader_path/Frameworks",
				);
				PRODUCT_BUNDLE_IDENTIFIER = ncnc.ConverterTests;
				PRODUCT_NAME = "$(TARGET_NAME)";
				SWIFT_VERSION = 5.0;
				TARGETED_DEVICE_FAMILY = "1,2";
				TEST_HOST = "$(BUILT_PRODUCTS_DIR)/Converter.app/Converter";
			};
			name = Debug;
		};
		EEB0512E249275C6005B26E1 /* Release */ = {
			isa = XCBuildConfiguration;
			buildSettings = {
				ALWAYS_EMBED_SWIFT_STANDARD_LIBRARIES = YES;
				BUNDLE_LOADER = "$(TEST_HOST)";
				CODE_SIGN_STYLE = Automatic;
				INFOPLIST_FILE = ConverterTests/Info.plist;
				IPHONEOS_DEPLOYMENT_TARGET = 13.5;
				LD_RUNPATH_SEARCH_PATHS = (
					"$(inherited)",
					"@executable_path/Frameworks",
					"@loader_path/Frameworks",
				);
				PRODUCT_BUNDLE_IDENTIFIER = ncnc.ConverterTests;
				PRODUCT_NAME = "$(TARGET_NAME)";
				SWIFT_VERSION = 5.0;
				TARGETED_DEVICE_FAMILY = "1,2";
				TEST_HOST = "$(BUILT_PRODUCTS_DIR)/Converter.app/Converter";
			};
			name = Release;
		};
		EEB05130249275C6005B26E1 /* Debug */ = {
			isa = XCBuildConfiguration;
			buildSettings = {
				ALWAYS_EMBED_SWIFT_STANDARD_LIBRARIES = YES;
				CODE_SIGN_STYLE = Automatic;
				INFOPLIST_FILE = ConverterUITests/Info.plist;
				LD_RUNPATH_SEARCH_PATHS = (
					"$(inherited)",
					"@executable_path/Frameworks",
					"@loader_path/Frameworks",
				);
				PRODUCT_BUNDLE_IDENTIFIER = ncnc.ConverterUITests;
				PRODUCT_NAME = "$(TARGET_NAME)";
				SWIFT_VERSION = 5.0;
				TARGETED_DEVICE_FAMILY = "1,2";
				TEST_TARGET_NAME = Converter;
			};
			name = Debug;
		};
		EEB05131249275C6005B26E1 /* Release */ = {
			isa = XCBuildConfiguration;
			buildSettings = {
				ALWAYS_EMBED_SWIFT_STANDARD_LIBRARIES = YES;
				CODE_SIGN_STYLE = Automatic;
				INFOPLIST_FILE = ConverterUITests/Info.plist;
				LD_RUNPATH_SEARCH_PATHS = (
					"$(inherited)",
					"@executable_path/Frameworks",
					"@loader_path/Frameworks",
				);
				PRODUCT_BUNDLE_IDENTIFIER = ncnc.ConverterUITests;
				PRODUCT_NAME = "$(TARGET_NAME)";
				SWIFT_VERSION = 5.0;
				TARGETED_DEVICE_FAMILY = "1,2";
				TEST_TARGET_NAME = Converter;
			};
			name = Release;
		};
/* End XCBuildConfiguration section */

/* Begin XCConfigurationList section */
		EEB050FA249275C3005B26E1 /* Build configuration list for PBXProject "Converter" */ = {
			isa = XCConfigurationList;
			buildConfigurations = (
				EEB05127249275C6005B26E1 /* Debug */,
				EEB05128249275C6005B26E1 /* Release */,
			);
			defaultConfigurationIsVisible = 0;
			defaultConfigurationName = Release;
		};
		EEB05129249275C6005B26E1 /* Build configuration list for PBXNativeTarget "Converter" */ = {
			isa = XCConfigurationList;
			buildConfigurations = (
				EEB0512A249275C6005B26E1 /* Debug */,
				EEB0512B249275C6005B26E1 /* Release */,
			);
			defaultConfigurationIsVisible = 0;
			defaultConfigurationName = Release;
		};
		EEB0512C249275C6005B26E1 /* Build configuration list for PBXNativeTarget "ConverterTests" */ = {
			isa = XCConfigurationList;
			buildConfigurations = (
				EEB0512D249275C6005B26E1 /* Debug */,
				EEB0512E249275C6005B26E1 /* Release */,
			);
			defaultConfigurationIsVisible = 0;
			defaultConfigurationName = Release;
		};
		EEB0512F249275C6005B26E1 /* Build configuration list for PBXNativeTarget "ConverterUITests" */ = {
			isa = XCConfigurationList;
			buildConfigurations = (
				EEB05130249275C6005B26E1 /* Debug */,
				EEB05131249275C6005B26E1 /* Release */,
			);
			defaultConfigurationIsVisible = 0;
			defaultConfigurationName = Release;
		};
/* End XCConfigurationList section */
	};
	rootObject = EEB050F7249275C3005B26E1 /* Project object */;
}
